
Microsoft Visual Studio Solution File, Format Version 12.00
# Visual Studio 15
VisualStudioVersion = 15.0.28307.438
MinimumVisualStudioVersion = 10.0.40219.1
Project("{9A19103F-16F7-4668-BE54-9A1E7A4F7556}") = "MyBasicConsoleApp.Core", "MyBasicConsoleApp\MyBasicConsoleApp.Core.csproj", "{5A58D477-1604-427C-BF75-8BAE4C0CF444}"
EndProject
Project("{FAE04EC0-301F-11D3-BF4B-00C04F79EFBC}") = "MyBasicConsoleApp.Common", "MyBasicConsoleApp.Common\MyBasicConsoleApp.Common.csproj", "{CC511C5E-B774-4512-AEF6-A2E38CB6B7FB}"
EndProject
Project("{FAE04EC0-301F-11D3-BF4B-00C04F79EFBC}") = "MyBasicConsoleApp.Service1", "MyBasicConsoleApp.Service1\MyBasicConsoleApp.Service1.csproj", "{27916FC3-D622-4179-B77F-3D8FE1986142}"
EndProject
Global
	GlobalSection(SolutionConfigurationPlatforms) = preSolution
		Debug|Any CPU = Debug|Any CPU
		Release|Any CPU = Release|Any CPU
	EndGlobalSection
	GlobalSection(ProjectConfigurationPlatforms) = postSolution
		{5A58D477-1604-427C-BF75-8BAE4C0CF444}.Debug|Any CPU.ActiveCfg = Debug|Any CPU
		{5A58D477-1604-427C-BF75-8BAE4C0CF444}.Debug|Any CPU.Build.0 = Debug|Any CPU
		{5A58D477-1604-427C-BF75-8BAE4C0CF444}.Release|Any CPU.ActiveCfg = Release|Any CPU
		{5A58D477-1604-427C-BF75-8BAE4C0CF444}.Release|Any CPU.Build.0 = Release|Any CPU
		{CC511C5E-B774-4512-AEF6-A2E38CB6B7FB}.Debug|Any CPU.ActiveCfg = Debug|Any CPU
		{CC511C5E-B774-4512-AEF6-A2E38CB6B7FB}.Debug|Any CPU.Build.0 = Debug|Any CPU
		{CC511C5E-B774-4512-AEF6-A2E38CB6B7FB}.Release|Any CPU.ActiveCfg = Release|Any CPU
		{CC511C5E-B774-4512-AEF6-A2E38CB6B7FB}.Release|Any CPU.Build.0 = Release|Any CPU
		{27916FC3-D622-4179-B77F-3D8FE1986142}.Debug|Any CPU.ActiveCfg = Debug|Any CPU
		{27916FC3-D622-4179-B77F-3D8FE1986142}.Debug|Any CPU.Build.0 = Debug|Any CPU
		{27916FC3-D622-4179-B77F-3D8FE1986142}.Release|Any CPU.ActiveCfg = Release|Any CPU
		{27916FC3-D622-4179-B77F-3D8FE1986142}.Release|Any CPU.Build.0 = Release|Any CPU
	EndGlobalSection
	GlobalSection(SolutionProperties) = preSolution
		HideSolutionNode = FALSE
	EndGlobalSection
	GlobalSection(ExtensibilityGlobals) = postSolution
		SolutionGuid = {EA2020E1-B587-4E5C-A622-7A36F3E879A0}
	EndGlobalSection
EndGlobal
